// !$*UTF8*$!
{
	archiveVersion = 1;
	classes = {
	};
	objectVersion = 50;
	objects = {

/* Begin PBXBuildFile section */
		0C9C8AA69E29B2F800DE2375 /* Pods_my_PA_my_PAUITests.framework in Frameworks */ = {isa = PBXBuildFile; fileRef = 5E59348A0EF8EDB4E3889498 /* Pods_my_PA_my_PAUITests.framework */; };
		3675F7C62AE749F681E90137 /* Pods_my_PA.framework in Frameworks */ = {isa = PBXBuildFile; fileRef = 4B4DEAD263CA60064F7E9CED /* Pods_my_PA.framework */; };
		C83BEC85CE0562B862403A22 /* Pods_my_PATests.framework in Frameworks */ = {isa = PBXBuildFile; fileRef = C4330F36B92A67A7391FE6E7 /* Pods_my_PATests.framework */; };
		F1AF49CC2504EA3D00E8B4C6 /* AppDelegate.swift in Sources */ = {isa = PBXBuildFile; fileRef = F1AF49CB2504EA3D00E8B4C6 /* AppDelegate.swift */; };
		F1AF49CE2504EA3D00E8B4C6 /* SceneDelegate.swift in Sources */ = {isa = PBXBuildFile; fileRef = F1AF49CD2504EA3D00E8B4C6 /* SceneDelegate.swift */; };
		F1AF49D02504EA3D00E8B4C6 /* ViewController.swift in Sources */ = {isa = PBXBuildFile; fileRef = F1AF49CF2504EA3D00E8B4C6 /* ViewController.swift */; };
		F1AF49D32504EA3D00E8B4C6 /* Main.storyboard in Resources */ = {isa = PBXBuildFile; fileRef = F1AF49D12504EA3D00E8B4C6 /* Main.storyboard */; };
		F1AF49D62504EA3D00E8B4C6 /* my_PA.xcdatamodeld in Sources */ = {isa = PBXBuildFile; fileRef = F1AF49D42504EA3D00E8B4C6 /* my_PA.xcdatamodeld */; };
		F1AF49D82504EA4400E8B4C6 /* Assets.xcassets in Resources */ = {isa = PBXBuildFile; fileRef = F1AF49D72504EA4400E8B4C6 /* Assets.xcassets */; };
		F1AF49DB2504EA4400E8B4C6 /* LaunchScreen.storyboard in Resources */ = {isa = PBXBuildFile; fileRef = F1AF49D92504EA4400E8B4C6 /* LaunchScreen.storyboard */; };
		F1AF49E62504EA4500E8B4C6 /* my_PATests.swift in Sources */ = {isa = PBXBuildFile; fileRef = F1AF49E52504EA4500E8B4C6 /* my_PATests.swift */; };
		F1AF49F12504EA4500E8B4C6 /* my_PAUITests.swift in Sources */ = {isa = PBXBuildFile; fileRef = F1AF49F02504EA4500E8B4C6 /* my_PAUITests.swift */; };
		F1E0B5E82506271B00A7E7DA /* GoogleService-Info.plist in Resources */ = {isa = PBXBuildFile; fileRef = F1E0B5E72506271B00A7E7DA /* GoogleService-Info.plist */; };
		F1E0B5E92506271B00A7E7DA /* GoogleService-Info.plist in Resources */ = {isa = PBXBuildFile; fileRef = F1E0B5E72506271B00A7E7DA /* GoogleService-Info.plist */; };
		F1E0B5EA2506271B00A7E7DA /* GoogleService-Info.plist in Resources */ = {isa = PBXBuildFile; fileRef = F1E0B5E72506271B00A7E7DA /* GoogleService-Info.plist */; };
/* End PBXBuildFile section */

/* Begin PBXContainerItemProxy section */
		F1AF49E22504EA4500E8B4C6 /* PBXContainerItemProxy */ = {
			isa = PBXContainerItemProxy;
			containerPortal = F1AF49C02504EA3D00E8B4C6 /* Project object */;
			proxyType = 1;
			remoteGlobalIDString = F1AF49C72504EA3D00E8B4C6;
			remoteInfo = "my PA";
		};
		F1AF49ED2504EA4500E8B4C6 /* PBXContainerItemProxy */ = {
			isa = PBXContainerItemProxy;
			containerPortal = F1AF49C02504EA3D00E8B4C6 /* Project object */;
			proxyType = 1;
			remoteGlobalIDString = F1AF49C72504EA3D00E8B4C6;
			remoteInfo = "my PA";
		};
/* End PBXContainerItemProxy section */

/* Begin PBXFileReference section */
		398F2325DA442634FBC3C72D /* Pods-my PATests.debug.xcconfig */ = {isa = PBXFileReference; includeInIndex = 1; lastKnownFileType = text.xcconfig; name = "Pods-my PATests.debug.xcconfig"; path = "Target Support Files/Pods-my PATests/Pods-my PATests.debug.xcconfig"; sourceTree = "<group>"; };
		4B4DEAD263CA60064F7E9CED /* Pods_my_PA.framework */ = {isa = PBXFileReference; explicitFileType = wrapper.framework; includeInIndex = 0; path = Pods_my_PA.framework; sourceTree = BUILT_PRODUCTS_DIR; };
		4EEFF91E76DFAA9231B12C8B /* Pods-my PA-my PAUITests.release.xcconfig */ = {isa = PBXFileReference; includeInIndex = 1; lastKnownFileType = text.xcconfig; name = "Pods-my PA-my PAUITests.release.xcconfig"; path = "Target Support Files/Pods-my PA-my PAUITests/Pods-my PA-my PAUITests.release.xcconfig"; sourceTree = "<group>"; };
		5E59348A0EF8EDB4E3889498 /* Pods_my_PA_my_PAUITests.framework */ = {isa = PBXFileReference; explicitFileType = wrapper.framework; includeInIndex = 0; path = Pods_my_PA_my_PAUITests.framework; sourceTree = BUILT_PRODUCTS_DIR; };
		C4330F36B92A67A7391FE6E7 /* Pods_my_PATests.framework */ = {isa = PBXFileReference; explicitFileType = wrapper.framework; includeInIndex = 0; path = Pods_my_PATests.framework; sourceTree = BUILT_PRODUCTS_DIR; };
		CDAE61527FCB512ACEF5FF01 /* Pods-my PATests.release.xcconfig */ = {isa = PBXFileReference; includeInIndex = 1; lastKnownFileType = text.xcconfig; name = "Pods-my PATests.release.xcconfig"; path = "Target Support Files/Pods-my PATests/Pods-my PATests.release.xcconfig"; sourceTree = "<group>"; };
		D0545A79B111D986A38C5DD2 /* Pods-my PA.debug.xcconfig */ = {isa = PBXFileReference; includeInIndex = 1; lastKnownFileType = text.xcconfig; name = "Pods-my PA.debug.xcconfig"; path = "Target Support Files/Pods-my PA/Pods-my PA.debug.xcconfig"; sourceTree = "<group>"; };
		D0734E6BD128ACDF52ACAF2D /* Pods-my PA.release.xcconfig */ = {isa = PBXFileReference; includeInIndex = 1; lastKnownFileType = text.xcconfig; name = "Pods-my PA.release.xcconfig"; path = "Target Support Files/Pods-my PA/Pods-my PA.release.xcconfig"; sourceTree = "<group>"; };
		D78205F44B910E258E0D7BEF /* Pods-my PA-my PAUITests.debug.xcconfig */ = {isa = PBXFileReference; includeInIndex = 1; lastKnownFileType = text.xcconfig; name = "Pods-my PA-my PAUITests.debug.xcconfig"; path = "Target Support Files/Pods-my PA-my PAUITests/Pods-my PA-my PAUITests.debug.xcconfig"; sourceTree = "<group>"; };
		F1AF49C82504EA3D00E8B4C6 /* my PA.app */ = {isa = PBXFileReference; explicitFileType = wrapper.application; includeInIndex = 0; path = "my PA.app"; sourceTree = BUILT_PRODUCTS_DIR; };
		F1AF49CB2504EA3D00E8B4C6 /* AppDelegate.swift */ = {isa = PBXFileReference; lastKnownFileType = sourcecode.swift; path = AppDelegate.swift; sourceTree = "<group>"; };
		F1AF49CD2504EA3D00E8B4C6 /* SceneDelegate.swift */ = {isa = PBXFileReference; lastKnownFileType = sourcecode.swift; path = SceneDelegate.swift; sourceTree = "<group>"; };
		F1AF49CF2504EA3D00E8B4C6 /* ViewController.swift */ = {isa = PBXFileReference; lastKnownFileType = sourcecode.swift; path = ViewController.swift; sourceTree = "<group>"; };
		F1AF49D22504EA3D00E8B4C6 /* Base */ = {isa = PBXFileReference; lastKnownFileType = file.storyboard; name = Base; path = Base.lproj/Main.storyboard; sourceTree = "<group>"; };
		F1AF49D52504EA3D00E8B4C6 /* my_PA.xcdatamodel */ = {isa = PBXFileReference; lastKnownFileType = wrapper.xcdatamodel; path = my_PA.xcdatamodel; sourceTree = "<group>"; };
		F1AF49D72504EA4400E8B4C6 /* Assets.xcassets */ = {isa = PBXFileReference; lastKnownFileType = folder.assetcatalog; path = Assets.xcassets; sourceTree = "<group>"; };
		F1AF49DA2504EA4400E8B4C6 /* Base */ = {isa = PBXFileReference; lastKnownFileType = file.storyboard; name = Base; path = Base.lproj/LaunchScreen.storyboard; sourceTree = "<group>"; };
		F1AF49DC2504EA4400E8B4C6 /* Info.plist */ = {isa = PBXFileReference; lastKnownFileType = text.plist.xml; path = Info.plist; sourceTree = "<group>"; };
		F1AF49E12504EA4500E8B4C6 /* my PATests.xctest */ = {isa = PBXFileReference; explicitFileType = wrapper.cfbundle; includeInIndex = 0; path = "my PATests.xctest"; sourceTree = BUILT_PRODUCTS_DIR; };
		F1AF49E52504EA4500E8B4C6 /* my_PATests.swift */ = {isa = PBXFileReference; lastKnownFileType = sourcecode.swift; path = my_PATests.swift; sourceTree = "<group>"; };
		F1AF49E72504EA4500E8B4C6 /* Info.plist */ = {isa = PBXFileReference; lastKnownFileType = text.plist.xml; path = Info.plist; sourceTree = "<group>"; };
		F1AF49EC2504EA4500E8B4C6 /* my PAUITests.xctest */ = {isa = PBXFileReference; explicitFileType = wrapper.cfbundle; includeInIndex = 0; path = "my PAUITests.xctest"; sourceTree = BUILT_PRODUCTS_DIR; };
		F1AF49F02504EA4500E8B4C6 /* my_PAUITests.swift */ = {isa = PBXFileReference; lastKnownFileType = sourcecode.swift; path = my_PAUITests.swift; sourceTree = "<group>"; };
		F1AF49F22504EA4500E8B4C6 /* Info.plist */ = {isa = PBXFileReference; lastKnownFileType = text.plist.xml; path = Info.plist; sourceTree = "<group>"; };
		F1E0B5E72506271B00A7E7DA /* GoogleService-Info.plist */ = {isa = PBXFileReference; fileEncoding = 4; lastKnownFileType = text.plist.xml; path = "GoogleService-Info.plist"; sourceTree = "<group>"; };
/* End PBXFileReference section */

/* Begin PBXFrameworksBuildPhase section */
		F1AF49C52504EA3D00E8B4C6 /* Frameworks */ = {
			isa = PBXFrameworksBuildPhase;
			buildActionMask = 2147483647;
			files = (
				3675F7C62AE749F681E90137 /* Pods_my_PA.framework in Frameworks */,
			);
			runOnlyForDeploymentPostprocessing = 0;
		};
		F1AF49DE2504EA4500E8B4C6 /* Frameworks */ = {
			isa = PBXFrameworksBuildPhase;
			buildActionMask = 2147483647;
			files = (
				C83BEC85CE0562B862403A22 /* Pods_my_PATests.framework in Frameworks */,
			);
			runOnlyForDeploymentPostprocessing = 0;
		};
		F1AF49E92504EA4500E8B4C6 /* Frameworks */ = {
			isa = PBXFrameworksBuildPhase;
			buildActionMask = 2147483647;
			files = (
				0C9C8AA69E29B2F800DE2375 /* Pods_my_PA_my_PAUITests.framework in Frameworks */,
			);
			runOnlyForDeploymentPostprocessing = 0;
		};
/* End PBXFrameworksBuildPhase section */

/* Begin PBXGroup section */
		7998F93ADA1D816A58DC9D9C /* Pods */ = {
			isa = PBXGroup;
			children = (
				D0545A79B111D986A38C5DD2 /* Pods-my PA.debug.xcconfig */,
				D0734E6BD128ACDF52ACAF2D /* Pods-my PA.release.xcconfig */,
				D78205F44B910E258E0D7BEF /* Pods-my PA-my PAUITests.debug.xcconfig */,
				4EEFF91E76DFAA9231B12C8B /* Pods-my PA-my PAUITests.release.xcconfig */,
				398F2325DA442634FBC3C72D /* Pods-my PATests.debug.xcconfig */,
				CDAE61527FCB512ACEF5FF01 /* Pods-my PATests.release.xcconfig */,
			);
			name = Pods;
			path = Pods;
			sourceTree = "<group>";
		};
		DA1E92CB772FD09360DD6C99 /* Frameworks */ = {
			isa = PBXGroup;
			children = (
				4B4DEAD263CA60064F7E9CED /* Pods_my_PA.framework */,
				5E59348A0EF8EDB4E3889498 /* Pods_my_PA_my_PAUITests.framework */,
				C4330F36B92A67A7391FE6E7 /* Pods_my_PATests.framework */,
			);
			name = Frameworks;
			sourceTree = "<group>";
		};
		F1AF49BF2504EA3D00E8B4C6 = {
			isa = PBXGroup;
			children = (
				F1AF49CA2504EA3D00E8B4C6 /* my PA */,
				F1AF49E42504EA4500E8B4C6 /* my PATests */,
				F1AF49EF2504EA4500E8B4C6 /* my PAUITests */,
				F1AF49C92504EA3D00E8B4C6 /* Products */,
				7998F93ADA1D816A58DC9D9C /* Pods */,
				DA1E92CB772FD09360DD6C99 /* Frameworks */,
			);
			sourceTree = "<group>";
		};
		F1AF49C92504EA3D00E8B4C6 /* Products */ = {
			isa = PBXGroup;
			children = (
				F1AF49C82504EA3D00E8B4C6 /* my PA.app */,
				F1AF49E12504EA4500E8B4C6 /* my PATests.xctest */,
				F1AF49EC2504EA4500E8B4C6 /* my PAUITests.xctest */,
			);
			name = Products;
			sourceTree = "<group>";
		};
		F1AF49CA2504EA3D00E8B4C6 /* my PA */ = {
			isa = PBXGroup;
			children = (
				F1AF49CB2504EA3D00E8B4C6 /* AppDelegate.swift */,
				F1AF49CD2504EA3D00E8B4C6 /* SceneDelegate.swift */,
				F1E0B5EB25062C1B00A7E7DA /* Model */,
				F1E0B5ED25062C6F00A7E7DA /* Views */,
				F1E0B5EC25062C3100A7E7DA /* Controllers */,
				F1AF49D72504EA4400E8B4C6 /* Assets.xcassets */,
				F1AF49D12504EA3D00E8B4C6 /* Main.storyboard */,
				F1AF49D92504EA4400E8B4C6 /* LaunchScreen.storyboard */,
				F1AF49DC2504EA4400E8B4C6 /* Info.plist */,
				F1AF49D42504EA3D00E8B4C6 /* my_PA.xcdatamodeld */,
				F1E0B5E72506271B00A7E7DA /* GoogleService-Info.plist */,
			);
			path = "my PA";
			sourceTree = "<group>";
		};
		F1AF49E42504EA4500E8B4C6 /* my PATests */ = {
			isa = PBXGroup;
			children = (
				F1AF49E52504EA4500E8B4C6 /* my_PATests.swift */,
				F1AF49E72504EA4500E8B4C6 /* Info.plist */,
			);
			path = "my PATests";
			sourceTree = "<group>";
		};
		F1AF49EF2504EA4500E8B4C6 /* my PAUITests */ = {
			isa = PBXGroup;
			children = (
				F1AF49F02504EA4500E8B4C6 /* my_PAUITests.swift */,
				F1AF49F22504EA4500E8B4C6 /* Info.plist */,
			);
			path = "my PAUITests";
			sourceTree = "<group>";
		};
		F1E0B5EB25062C1B00A7E7DA /* Model */ = {
			isa = PBXGroup;
			children = (
			);
			path = Model;
			sourceTree = "<group>";
		};
		F1E0B5EC25062C3100A7E7DA /* Controllers */ = {
			isa = PBXGroup;
			children = (
				F1AF49CF2504EA3D00E8B4C6 /* ViewController.swift */,
			);
			path = Controllers;
			sourceTree = "<group>";
		};
		F1E0B5ED25062C6F00A7E7DA /* Views */ = {
			isa = PBXGroup;
			children = (
			);
			path = Views;
			sourceTree = "<group>";
		};
/* End PBXGroup section */

/* Begin PBXNativeTarget section */
		F1AF49C72504EA3D00E8B4C6 /* my PA */ = {
			isa = PBXNativeTarget;
			buildConfigurationList = F1AF49F52504EA4500E8B4C6 /* Build configuration list for PBXNativeTarget "my PA" */;
			buildPhases = (
				C19052F31DE39A75EECDEEA5 /* [CP] Check Pods Manifest.lock */,
				F1AF49C42504EA3D00E8B4C6 /* Sources */,
				F1AF49C52504EA3D00E8B4C6 /* Frameworks */,
				F1AF49C62504EA3D00E8B4C6 /* Resources */,
				3426267B6ADEE9F0B3F4259B /* [CP] Embed Pods Frameworks */,
			);
			buildRules = (
			);
			dependencies = (
			);
			name = "my PA";
			productName = "my PA";
			productReference = F1AF49C82504EA3D00E8B4C6 /* my PA.app */;
			productType = "com.apple.product-type.application";
		};
		F1AF49E02504EA4500E8B4C6 /* my PATests */ = {
			isa = PBXNativeTarget;
			buildConfigurationList = F1AF49F82504EA4500E8B4C6 /* Build configuration list for PBXNativeTarget "my PATests" */;
			buildPhases = (
				B990864E3FA5052460B67430 /* [CP] Check Pods Manifest.lock */,
				F1AF49DD2504EA4500E8B4C6 /* Sources */,
				F1AF49DE2504EA4500E8B4C6 /* Frameworks */,
				F1AF49DF2504EA4500E8B4C6 /* Resources */,
			);
			buildRules = (
			);
			dependencies = (
				F1AF49E32504EA4500E8B4C6 /* PBXTargetDependency */,
			);
			name = "my PATests";
			productName = "my PATests";
			productReference = F1AF49E12504EA4500E8B4C6 /* my PATests.xctest */;
			productType = "com.apple.product-type.bundle.unit-test";
		};
		F1AF49EB2504EA4500E8B4C6 /* my PAUITests */ = {
			isa = PBXNativeTarget;
			buildConfigurationList = F1AF49FB2504EA4500E8B4C6 /* Build configuration list for PBXNativeTarget "my PAUITests" */;
			buildPhases = (
				E5B8E556DA252A42AEC0D4F3 /* [CP] Check Pods Manifest.lock */,
				F1AF49E82504EA4500E8B4C6 /* Sources */,
				F1AF49E92504EA4500E8B4C6 /* Frameworks */,
				F1AF49EA2504EA4500E8B4C6 /* Resources */,
				33DD4AA9D9F988AE8C4169E2 /* [CP] Embed Pods Frameworks */,
			);
			buildRules = (
			);
			dependencies = (
				F1AF49EE2504EA4500E8B4C6 /* PBXTargetDependency */,
			);
			name = "my PAUITests";
			productName = "my PAUITests";
			productReference = F1AF49EC2504EA4500E8B4C6 /* my PAUITests.xctest */;
			productType = "com.apple.product-type.bundle.ui-testing";
		};
/* End PBXNativeTarget section */

/* Begin PBXProject section */
		F1AF49C02504EA3D00E8B4C6 /* Project object */ = {
			isa = PBXProject;
			attributes = {
				LastSwiftUpdateCheck = 1160;
				LastUpgradeCheck = 1160;
				ORGANIZATIONNAME = sha_since1999;
				TargetAttributes = {
					F1AF49C72504EA3D00E8B4C6 = {
						CreatedOnToolsVersion = 11.6;
					};
					F1AF49E02504EA4500E8B4C6 = {
						CreatedOnToolsVersion = 11.6;
						TestTargetID = F1AF49C72504EA3D00E8B4C6;
					};
					F1AF49EB2504EA4500E8B4C6 = {
						CreatedOnToolsVersion = 11.6;
						TestTargetID = F1AF49C72504EA3D00E8B4C6;
					};
				};
			};
			buildConfigurationList = F1AF49C32504EA3D00E8B4C6 /* Build configuration list for PBXProject "my PA" */;
			compatibilityVersion = "Xcode 9.3";
			developmentRegion = en;
			hasScannedForEncodings = 0;
			knownRegions = (
				en,
				Base,
			);
			mainGroup = F1AF49BF2504EA3D00E8B4C6;
			productRefGroup = F1AF49C92504EA3D00E8B4C6 /* Products */;
			projectDirPath = "";
			projectRoot = "";
			targets = (
				F1AF49C72504EA3D00E8B4C6 /* my PA */,
				F1AF49E02504EA4500E8B4C6 /* my PATests */,
				F1AF49EB2504EA4500E8B4C6 /* my PAUITests */,
			);
		};
/* End PBXProject section */

/* Begin PBXResourcesBuildPhase section */
		F1AF49C62504EA3D00E8B4C6 /* Resources */ = {
			isa = PBXResourcesBuildPhase;
			buildActionMask = 2147483647;
			files = (
				F1AF49DB2504EA4400E8B4C6 /* LaunchScreen.storyboard in Resources */,
				F1E0B5E82506271B00A7E7DA /* GoogleService-Info.plist in Resources */,
				F1AF49D82504EA4400E8B4C6 /* Assets.xcassets in Resources */,
				F1AF49D32504EA3D00E8B4C6 /* Main.storyboard in Resources */,
			);
			runOnlyForDeploymentPostprocessing = 0;
		};
		F1AF49DF2504EA4500E8B4C6 /* Resources */ = {
			isa = PBXResourcesBuildPhase;
			buildActionMask = 2147483647;
			files = (
				F1E0B5E92506271B00A7E7DA /* GoogleService-Info.plist in Resources */,
			);
			runOnlyForDeploymentPostprocessing = 0;
		};
		F1AF49EA2504EA4500E8B4C6 /* Resources */ = {
			isa = PBXResourcesBuildPhase;
			buildActionMask = 2147483647;
			files = (
				F1E0B5EA2506271B00A7E7DA /* GoogleService-Info.plist in Resources */,
			);
			runOnlyForDeploymentPostprocessing = 0;
		};
/* End PBXResourcesBuildPhase section */

/* Begin PBXShellScriptBuildPhase section */
		33DD4AA9D9F988AE8C4169E2 /* [CP] Embed Pods Frameworks */ = {
			isa = PBXShellScriptBuildPhase;
			buildActionMask = 2147483647;
			files = (
			);
			inputFileListPaths = (
				"${PODS_ROOT}/Target Support Files/Pods-my PA-my PAUITests/Pods-my PA-my PAUITests-frameworks-${CONFIGURATION}-input-files.xcfilelist",
			);
			name = "[CP] Embed Pods Frameworks";
			outputFileListPaths = (
				"${PODS_ROOT}/Target Support Files/Pods-my PA-my PAUITests/Pods-my PA-my PAUITests-frameworks-${CONFIGURATION}-output-files.xcfilelist",
			);
			runOnlyForDeploymentPostprocessing = 0;
			shellPath = /bin/sh;
			shellScript = "\"${PODS_ROOT}/Target Support Files/Pods-my PA-my PAUITests/Pods-my PA-my PAUITests-frameworks.sh\"\n";
			showEnvVarsInLog = 0;
		};
		3426267B6ADEE9F0B3F4259B /* [CP] Embed Pods Frameworks */ = {
			isa = PBXShellScriptBuildPhase;
			buildActionMask = 2147483647;
			files = (
			);
			inputFileListPaths = (
				"${PODS_ROOT}/Target Support Files/Pods-my PA/Pods-my PA-frameworks-${CONFIGURATION}-input-files.xcfilelist",
			);
			name = "[CP] Embed Pods Frameworks";
			outputFileListPaths = (
				"${PODS_ROOT}/Target Support Files/Pods-my PA/Pods-my PA-frameworks-${CONFIGURATION}-output-files.xcfilelist",
			);
			runOnlyForDeploymentPostprocessing = 0;
			shellPath = /bin/sh;
			shellScript = "\"${PODS_ROOT}/Target Support Files/Pods-my PA/Pods-my PA-frameworks.sh\"\n";
			showEnvVarsInLog = 0;
		};
		B990864E3FA5052460B67430 /* [CP] Check Pods Manifest.lock */ = {
			isa = PBXShellScriptBuildPhase;
			buildActionMask = 2147483647;
			files = (
			);
			inputFileListPaths = (
			);
			inputPaths = (
				"${PODS_PODFILE_DIR_PATH}/Podfile.lock",
				"${PODS_ROOT}/Manifest.lock",
			);
			name = "[CP] Check Pods Manifest.lock";
			outputFileListPaths = (
			);
			outputPaths = (
				"$(DERIVED_FILE_DIR)/Pods-my PATests-checkManifestLockResult.txt",
			);
			runOnlyForDeploymentPostprocessing = 0;
			shellPath = /bin/sh;
			shellScript = "diff \"${PODS_PODFILE_DIR_PATH}/Podfile.lock\" \"${PODS_ROOT}/Manifest.lock\" > /dev/null\nif [ $? != 0 ] ; then\n    # print error to STDERR\n    echo \"error: The sandbox is not in sync with the Podfile.lock. Run 'pod install' or update your CocoaPods installation.\" >&2\n    exit 1\nfi\n# This output is used by Xcode 'outputs' to avoid re-running this script phase.\necho \"SUCCESS\" > \"${SCRIPT_OUTPUT_FILE_0}\"\n";
			showEnvVarsInLog = 0;
		};
		C19052F31DE39A75EECDEEA5 /* [CP] Check Pods Manifest.lock */ = {
			isa = PBXShellScriptBuildPhase;
			buildActionMask = 2147483647;
			files = (
			);
			inputFileListPaths = (
			);
			inputPaths = (
				"${PODS_PODFILE_DIR_PATH}/Podfile.lock",
				"${PODS_ROOT}/Manifest.lock",
			);
			name = "[CP] Check Pods Manifest.lock";
			outputFileListPaths = (
			);
			outputPaths = (
				"$(DERIVED_FILE_DIR)/Pods-my PA-checkManifestLockResult.txt",
			);
			runOnlyForDeploymentPostprocessing = 0;
			shellPath = /bin/sh;
			shellScript = "diff \"${PODS_PODFILE_DIR_PATH}/Podfile.lock\" \"${PODS_ROOT}/Manifest.lock\" > /dev/null\nif [ $? != 0 ] ; then\n    # print error to STDERR\n    echo \"error: The sandbox is not in sync with the Podfile.lock. Run 'pod install' or update your CocoaPods installation.\" >&2\n    exit 1\nfi\n# This output is used by Xcode 'outputs' to avoid re-running this script phase.\necho \"SUCCESS\" > \"${SCRIPT_OUTPUT_FILE_0}\"\n";
			showEnvVarsInLog = 0;
		};
		E5B8E556DA252A42AEC0D4F3 /* [CP] Check Pods Manifest.lock */ = {
			isa = PBXShellScriptBuildPhase;
			buildActionMask = 2147483647;
			files = (
			);
			inputFileListPaths = (
			);
			inputPaths = (
				"${PODS_PODFILE_DIR_PATH}/Podfile.lock",
				"${PODS_ROOT}/Manifest.lock",
			);
			name = "[CP] Check Pods Manifest.lock";
			outputFileListPaths = (
			);
			outputPaths = (
				"$(DERIVED_FILE_DIR)/Pods-my PA-my PAUITests-checkManifestLockResult.txt",
			);
			runOnlyForDeploymentPostprocessing = 0;
			shellPath = /bin/sh;
			shellScript = "diff \"${PODS_PODFILE_DIR_PATH}/Podfile.lock\" \"${PODS_ROOT}/Manifest.lock\" > /dev/null\nif [ $? != 0 ] ; then\n    # print error to STDERR\n    echo \"error: The sandbox is not in sync with the Podfile.lock. Run 'pod install' or update your CocoaPods installation.\" >&2\n    exit 1\nfi\n# This output is used by Xcode 'outputs' to avoid re-running this script phase.\necho \"SUCCESS\" > \"${SCRIPT_OUTPUT_FILE_0}\"\n";
			showEnvVarsInLog = 0;
		};
/* End PBXShellScriptBuildPhase section */

/* Begin PBXSourcesBuildPhase section */
		F1AF49C42504EA3D00E8B4C6 /* Sources */ = {
			isa = PBXSourcesBuildPhase;
			buildActionMask = 2147483647;
			files = (
				F1AF49D62504EA3D00E8B4C6 /* my_PA.xcdatamodeld in Sources */,
				F1AF49D02504EA3D00E8B4C6 /* ViewController.swift in Sources */,
				F1AF49CC2504EA3D00E8B4C6 /* AppDelegate.swift in Sources */,
				F1AF49CE2504EA3D00E8B4C6 /* SceneDelegate.swift in Sources */,
			);
			runOnlyForDeploymentPostprocessing = 0;
		};
		F1AF49DD2504EA4500E8B4C6 /* Sources */ = {
			isa = PBXSourcesBuildPhase;
			buildActionMask = 2147483647;
			files = (
				F1AF49E62504EA4500E8B4C6 /* my_PATests.swift in Sources */,
			);
			runOnlyForDeploymentPostprocessing = 0;
		};
		F1AF49E82504EA4500E8B4C6 /* Sources */ = {
			isa = PBXSourcesBuildPhase;
			buildActionMask = 2147483647;
			files = (
				F1AF49F12504EA4500E8B4C6 /* my_PAUITests.swift in Sources */,
			);
			runOnlyForDeploymentPostprocessing = 0;
		};
/* End PBXSourcesBuildPhase section */

/* Begin PBXTargetDependency section */
		F1AF49E32504EA4500E8B4C6 /* PBXTargetDependency */ = {
			isa = PBXTargetDependency;
			target = F1AF49C72504EA3D00E8B4C6 /* my PA */;
			targetProxy = F1AF49E22504EA4500E8B4C6 /* PBXContainerItemProxy */;
		};
		F1AF49EE2504EA4500E8B4C6 /* PBXTargetDependency */ = {
			isa = PBXTargetDependency;
			target = F1AF49C72504EA3D00E8B4C6 /* my PA */;
			targetProxy = F1AF49ED2504EA4500E8B4C6 /* PBXContainerItemProxy */;
		};
/* End PBXTargetDependency section */

/* Begin PBXVariantGroup section */
		F1AF49D12504EA3D00E8B4C6 /* Main.storyboard */ = {
			isa = PBXVariantGroup;
			children = (
				F1AF49D22504EA3D00E8B4C6 /* Base */,
			);
			name = Main.storyboard;
			sourceTree = "<group>";
		};
		F1AF49D92504EA4400E8B4C6 /* LaunchScreen.storyboard */ = {
			isa = PBXVariantGroup;
			children = (
				F1AF49DA2504EA4400E8B4C6 /* Base */,
			);
			name = LaunchScreen.storyboard;
			sourceTree = "<group>";
		};
/* End PBXVariantGroup section */

/* Begin XCBuildConfiguration section */
		F1AF49F32504EA4500E8B4C6 /* Debug */ = {
			isa = XCBuildConfiguration;
			buildSettings = {
				ALWAYS_SEARCH_USER_PATHS = NO;
				CLANG_ANALYZER_NONNULL = YES;
				CLANG_ANALYZER_NUMBER_OBJECT_CONVERSION = YES_AGGRESSIVE;
				CLANG_CXX_LANGUAGE_STANDARD = "gnu++14";
				CLANG_CXX_LIBRARY = "libc++";
				CLANG_ENABLE_MODULES = YES;
				CLANG_ENABLE_OBJC_ARC = YES;
				CLANG_ENABLE_OBJC_WEAK = YES;
				CLANG_WARN_BLOCK_CAPTURE_AUTORELEASING = YES;
				CLANG_WARN_BOOL_CONVERSION = YES;
				CLANG_WARN_COMMA = YES;
				CLANG_WARN_CONSTANT_CONVERSION = YES;
				CLANG_WARN_DEPRECATED_OBJC_IMPLEMENTATIONS = YES;
				CLANG_WARN_DIRECT_OBJC_ISA_USAGE = YES_ERROR;
				CLANG_WARN_DOCUMENTATION_COMMENTS = YES;
				CLANG_WARN_EMPTY_BODY = YES;
				CLANG_WARN_ENUM_CONVERSION = YES;
				CLANG_WARN_INFINITE_RECURSION = YES;
				CLANG_WARN_INT_CONVERSION = YES;
				CLANG_WARN_NON_LITERAL_NULL_CONVERSION = YES;
				CLANG_WARN_OBJC_IMPLICIT_RETAIN_SELF = YES;
				CLANG_WARN_OBJC_LITERAL_CONVERSION = YES;
				CLANG_WARN_OBJC_ROOT_CLASS = YES_ERROR;
				CLANG_WARN_RANGE_LOOP_ANALYSIS = YES;
				CLANG_WARN_STRICT_PROTOTYPES = YES;
				CLANG_WARN_SUSPICIOUS_MOVE = YES;
				CLANG_WARN_UNGUARDED_AVAILABILITY = YES_AGGRESSIVE;
				CLANG_WARN_UNREACHABLE_CODE = YES;
				CLANG_WARN__DUPLICATE_METHOD_MATCH = YES;
				COPY_PHASE_STRIP = NO;
				DEBUG_INFORMATION_FORMAT = dwarf;
				ENABLE_STRICT_OBJC_MSGSEND = YES;
				ENABLE_TESTABILITY = YES;
				GCC_C_LANGUAGE_STANDARD = gnu11;
				GCC_DYNAMIC_NO_PIC = NO;
				GCC_NO_COMMON_BLOCKS = YES;
				GCC_OPTIMIZATION_LEVEL = 0;
				GCC_PREPROCESSOR_DEFINITIONS = (
					"DEBUG=1",
					"$(inherited)",
				);
				GCC_WARN_64_TO_32_BIT_CONVERSION = YES;
				GCC_WARN_ABOUT_RETURN_TYPE = YES_ERROR;
				GCC_WARN_UNDECLARED_SELECTOR = YES;
				GCC_WARN_UNINITIALIZED_AUTOS = YES_AGGRESSIVE;
				GCC_WARN_UNUSED_FUNCTION = YES;
				GCC_WARN_UNUSED_VARIABLE = YES;
				IPHONEOS_DEPLOYMENT_TARGET = 13.6;
				MTL_ENABLE_DEBUG_INFO = INCLUDE_SOURCE;
				MTL_FAST_MATH = YES;
				ONLY_ACTIVE_ARCH = YES;
				SDKROOT = iphoneos;
				SWIFT_ACTIVE_COMPILATION_CONDITIONS = DEBUG;
				SWIFT_OPTIMIZATION_LEVEL = "-Onone";
			};
			name = Debug;
		};
		F1AF49F42504EA4500E8B4C6 /* Release */ = {
			isa = XCBuildConfiguration;
			buildSettings = {
				ALWAYS_SEARCH_USER_PATHS = NO;
				CLANG_ANALYZER_NONNULL = YES;
				CLANG_ANALYZER_NUMBER_OBJECT_CONVERSION = YES_AGGRESSIVE;
				CLANG_CXX_LANGUAGE_STANDARD = "gnu++14";
				CLANG_CXX_LIBRARY = "libc++";
				CLANG_ENABLE_MODULES = YES;
				CLANG_ENABLE_OBJC_ARC = YES;
				CLANG_ENABLE_OBJC_WEAK = YES;
				CLANG_WARN_BLOCK_CAPTURE_AUTORELEASING = YES;
				CLANG_WARN_BOOL_CONVERSION = YES;
				CLANG_WARN_COMMA = YES;
				CLANG_WARN_CONSTANT_CONVERSION = YES;
				CLANG_WARN_DEPRECATED_OBJC_IMPLEMENTATIONS = YES;
				CLANG_WARN_DIRECT_OBJC_ISA_USAGE = YES_ERROR;
				CLANG_WARN_DOCUMENTATION_COMMENTS = YES;
				CLANG_WARN_EMPTY_BODY = YES;
				CLANG_WARN_ENUM_CONVERSION = YES;
				CLANG_WARN_INFINITE_RECURSION = YES;
				CLANG_WARN_INT_CONVERSION = YES;
				CLANG_WARN_NON_LITERAL_NULL_CONVERSION = YES;
				CLANG_WARN_OBJC_IMPLICIT_RETAIN_SELF = YES;
				CLANG_WARN_OBJC_LITERAL_CONVERSION = YES;
				CLANG_WARN_OBJC_ROOT_CLASS = YES_ERROR;
				CLANG_WARN_RANGE_LOOP_ANALYSIS = YES;
				CLANG_WARN_STRICT_PROTOTYPES = YES;
				CLANG_WARN_SUSPICIOUS_MOVE = YES;
				CLANG_WARN_UNGUARDED_AVAILABILITY = YES_AGGRESSIVE;
				CLANG_WARN_UNREACHABLE_CODE = YES;
				CLANG_WARN__DUPLICATE_METHOD_MATCH = YES;
				COPY_PHASE_STRIP = NO;
				DEBUG_INFORMATION_FORMAT = "dwarf-with-dsym";
				ENABLE_NS_ASSERTIONS = NO;
				ENABLE_STRICT_OBJC_MSGSEND = YES;
				GCC_C_LANGUAGE_STANDARD = gnu11;
				GCC_NO_COMMON_BLOCKS = YES;
				GCC_WARN_64_TO_32_BIT_CONVERSION = YES;
				GCC_WARN_ABOUT_RETURN_TYPE = YES_ERROR;
				GCC_WARN_UNDECLARED_SELECTOR = YES;
				GCC_WARN_UNINITIALIZED_AUTOS = YES_AGGRESSIVE;
				GCC_WARN_UNUSED_FUNCTION = YES;
				GCC_WARN_UNUSED_VARIABLE = YES;
				IPHONEOS_DEPLOYMENT_TARGET = 13.6;
				MTL_ENABLE_DEBUG_INFO = NO;
				MTL_FAST_MATH = YES;
				SDKROOT = iphoneos;
				SWIFT_COMPILATION_MODE = wholemodule;
				SWIFT_OPTIMIZATION_LEVEL = "-O";
				VALIDATE_PRODUCT = YES;
			};
			name = Release;
		};
		F1AF49F62504EA4500E8B4C6 /* Debug */ = {
			isa = XCBuildConfiguration;
			baseConfigurationReference = D0545A79B111D986A38C5DD2 /* Pods-my PA.debug.xcconfig */;
			buildSettings = {
				ASSETCATALOG_COMPILER_APPICON_NAME = AppIcon;
				CODE_SIGN_STYLE = Automatic;
				DEVELOPMENT_TEAM = JF8T3A5FKL;
				INFOPLIST_FILE = "my PA/Info.plist";
				LD_RUNPATH_SEARCH_PATHS = (
					"$(inherited)",
					"@executable_path/Frameworks",
				);
				PRODUCT_BUNDLE_IDENTIFIER = "com.sha-since1999.my-PA-app";
				PRODUCT_NAME = "$(TARGET_NAME)";
				SWIFT_VERSION = 5.0;
				TARGETED_DEVICE_FAMILY = "1,2";
			};
			name = Debug;
		};
		F1AF49F72504EA4500E8B4C6 /* Release */ = {
			isa = XCBuildConfiguration;
			baseConfigurationReference = D0734E6BD128ACDF52ACAF2D /* Pods-my PA.release.xcconfig */;
			buildSettings = {
				ASSETCATALOG_COMPILER_APPICON_NAME = AppIcon;
				CODE_SIGN_STYLE = Automatic;
				DEVELOPMENT_TEAM = JF8T3A5FKL;
				INFOPLIST_FILE = "my PA/Info.plist";
				LD_RUNPATH_SEARCH_PATHS = (
					"$(inherited)",
					"@executable_path/Frameworks",
				);
				PRODUCT_BUNDLE_IDENTIFIER = "com.sha-since1999.my-PA-app";
				PRODUCT_NAME = "$(TARGET_NAME)";
				SWIFT_VERSION = 5.0;
				TARGETED_DEVICE_FAMILY = "1,2";
			};
			name = Release;
		};
		F1AF49F92504EA4500E8B4C6 /* Debug */ = {
			isa = XCBuildConfiguration;
			baseConfigurationReference = 398F2325DA442634FBC3C72D /* Pods-my PATests.debug.xcconfig */;
			buildSettings = {
				ALWAYS_EMBED_SWIFT_STANDARD_LIBRARIES = YES;
				BUNDLE_LOADER = "$(TEST_HOST)";
				CODE_SIGN_STYLE = Automatic;
				DEVELOPMENT_TEAM = JF8T3A5FKL;
				INFOPLIST_FILE = "my PATests/Info.plist";
				IPHONEOS_DEPLOYMENT_TARGET = 13.6;
				LD_RUNPATH_SEARCH_PATHS = (
					"$(inherited)",
					"@executable_path/Frameworks",
					"@loader_path/Frameworks",
				);
				PRODUCT_BUNDLE_IDENTIFIER = "com.sha-since1999.srms.my-PATests";
				PRODUCT_NAME = "$(TARGET_NAME)";
				SWIFT_VERSION = 5.0;
				TARGETED_DEVICE_FAMILY = "1,2";
				TEST_HOST = "$(BUILT_PRODUCTS_DIR)/my PA.app/my PA";
			};
			name = Debug;
		};
		F1AF49FA2504EA4500E8B4C6 /* Release */ = {
			isa = XCBuildConfiguration;
			baseConfigurationReference = CDAE61527FCB512ACEF5FF01 /* Pods-my PATests.release.xcconfig */;
			buildSettings = {
				ALWAYS_EMBED_SWIFT_STANDARD_LIBRARIES = YES;
				BUNDLE_LOADER = "$(TEST_HOST)";
				CODE_SIGN_STYLE = Automatic;
				DEVELOPMENT_TEAM = JF8T3A5FKL;
				INFOPLIST_FILE = "my PATests/Info.plist";
				IPHONEOS_DEPLOYMENT_TARGET = 13.6;
				LD_RUNPATH_SEARCH_PATHS = (
					"$(inherited)",
					"@executable_path/Frameworks",
					"@loader_path/Frameworks",
				);
				PRODUCT_BUNDLE_IDENTIFIER = "com.sha-since1999.srms.my-PATests";
				PRODUCT_NAME = "$(TARGET_NAME)";
				SWIFT_VERSION = 5.0;
				TARGETED_DEVICE_FAMILY = "1,2";
				TEST_HOST = "$(BUILT_PRODUCTS_DIR)/my PA.app/my PA";
			};
			name = Release;
		};
		F1AF49FC2504EA4500E8B4C6 /* Debug */ = {
			isa = XCBuildConfiguration;
			baseConfigurationReference = D78205F44B910E258E0D7BEF /* Pods-my PA-my PAUITests.debug.xcconfig */;
			buildSettings = {
				ALWAYS_EMBED_SWIFT_STANDARD_LIBRARIES = YES;
				CODE_SIGN_STYLE = Automatic;
				DEVELOPMENT_TEAM = JF8T3A5FKL;
				INFOPLIST_FILE = "my PAUITests/Info.plist";
				LD_RUNPATH_SEARCH_PATHS = (
					"$(inherited)",
					"@executable_path/Frameworks",
					"@loader_path/Frameworks",
				);
				PRODUCT_BUNDLE_IDENTIFIER = "com.sha-since1999.srms.my-PAUITests";
				PRODUCT_NAME = "$(TARGET_NAME)";
				SWIFT_VERSION = 5.0;
				TARGETED_DEVICE_FAMILY = "1,2";
				TEST_TARGET_NAME = "my PA";
			};
			name = Debug;
		};
		F1AF49FD2504EA4500E8B4C6 /* Release */ = {
			isa = XCBuildConfiguration;
			baseConfigurationReference = 4EEFF91E76DFAA9231B12C8B /* Pods-my PA-my PAUITests.release.xcconfig */;
			buildSettings = {
				ALWAYS_EMBED_SWIFT_STANDARD_LIBRARIES = YES;
				CODE_SIGN_STYLE = Automatic;
				DEVELOPMENT_TEAM = JF8T3A5FKL;
				INFOPLIST_FILE = "my PAUITests/Info.plist";
				LD_RUNPATH_SEARCH_PATHS = (
					"$(inherited)",
					"@executable_path/Frameworks",
					"@loader_path/Frameworks",
				);
				PRODUCT_BUNDLE_IDENTIFIER = "com.sha-since1999.srms.my-PAUITests";
				PRODUCT_NAME = "$(TARGET_NAME)";
				SWIFT_VERSION = 5.0;
				TARGETED_DEVICE_FAMILY = "1,2";
				TEST_TARGET_NAME = "my PA";
			};
			name = Release;
		};
/* End XCBuildConfiguration section */

/* Begin XCConfigurationList section */
		F1AF49C32504EA3D00E8B4C6 /* Build configuration list for PBXProject "my PA" */ = {
			isa = XCConfigurationList;
			buildConfigurations = (
				F1AF49F32504EA4500E8B4C6 /* Debug */,
				F1AF49F42504EA4500E8B4C6 /* Release */,
			);
			defaultConfigurationIsVisible = 0;
			defaultConfigurationName = Release;
		};
		F1AF49F52504EA4500E8B4C6 /* Build configuration list for PBXNativeTarget "my PA" */ = {
			isa = XCConfigurationList;
			buildConfigurations = (
				F1AF49F62504EA4500E8B4C6 /* Debug */,
				F1AF49F72504EA4500E8B4C6 /* Release */,
			);
			defaultConfigurationIsVisible = 0;
			defaultConfigurationName = Release;
		};
		F1AF49F82504EA4500E8B4C6 /* Build configuration list for PBXNativeTarget "my PATests" */ = {
			isa = XCConfigurationList;
			buildConfigurations = (
				F1AF49F92504EA4500E8B4C6 /* Debug */,
				F1AF49FA2504EA4500E8B4C6 /* Release */,
			);
			defaultConfigurationIsVisible = 0;
			defaultConfigurationName = Release;
		};
		F1AF49FB2504EA4500E8B4C6 /* Build configuration list for PBXNativeTarget "my PAUITests" */ = {
			isa = XCConfigurationList;
			buildConfigurations = (
				F1AF49FC2504EA4500E8B4C6 /* Debug */,
				F1AF49FD2504EA4500E8B4C6 /* Release */,
			);
			defaultConfigurationIsVisible = 0;
			defaultConfigurationName = Release;
		};
/* End XCConfigurationList section */

/* Begin XCVersionGroup section */
		F1AF49D42504EA3D00E8B4C6 /* my_PA.xcdatamodeld */ = {
			isa = XCVersionGroup;
			children = (
				F1AF49D52504EA3D00E8B4C6 /* my_PA.xcdatamodel */,
			);
			currentVersion = F1AF49D52504EA3D00E8B4C6 /* my_PA.xcdatamodel */;
			path = my_PA.xcdatamodeld;
			sourceTree = "<group>";
			versionGroupType = wrapper.xcdatamodel;
		};
/* End XCVersionGroup section */
	};
	rootObject = F1AF49C02504EA3D00E8B4C6 /* Project object */;
}
